
Microsoft Visual Studio Solution File, Format Version 12.00
# Visual Studio 15
VisualStudioVersion = 15.0.27413.0
MinimumVisualStudioVersion = 10.0.40219.1
Project("{FAE04EC0-301F-11D3-BF4B-00C04F79EFBC}") = "BostonAzureBootcamp", "BostonAzureBootcamp\BostonAzureBootcamp.csproj", "{6075483E-9F26-4A34-A7B7-0FFEA0E5A780}"
EndProject
Global
	GlobalSection(SolutionConfigurationPlatforms) = preSolution
		Debug|Any CPU = Debug|Any CPU
		Release|Any CPU = Release|Any CPU
	EndGlobalSection
	GlobalSection(ProjectConfigurationPlatforms) = postSolution
		{6075483E-9F26-4A34-A7B7-0FFEA0E5A780}.Debug|Any CPU.ActiveCfg = Debug|Any CPU
		{6075483E-9F26-4A34-A7B7-0FFEA0E5A780}.Debug|Any CPU.Build.0 = Debug|Any CPU
		{6075483E-9F26-4A34-A7B7-0FFEA0E5A780}.Release|Any CPU.ActiveCfg = Release|Any CPU
		{6075483E-9F26-4A34-A7B7-0FFEA0E5A780}.Release|Any CPU.Build.0 = Release|Any CPU
	EndGlobalSection
	GlobalSection(SolutionProperties) = preSolution
		HideSolutionNode = FALSE
	EndGlobalSection
	GlobalSection(ExtensibilityGlobals) = postSolution
		SolutionGuid = {282EE0AF-A3A7-4037-9E3D-DA6B7E855813}
	EndGlobalSection
EndGlobal
